{
    "_readme": [
        "This file locks the dependencies of your project to a known state",
        "Read more about it at http://getcomposer.org/doc/01-basic-usage.md#composer-lock-the-lock-file"
    ],
    "hash": "b12c34a3e9f61d0b0859fa4d438e8468",
    "packages": [
        {
            "name": "geokit/geokit",
            "version": "dev-master",
            "source": {
                "type": "git",
                "url": "https://github.com/jsor/Geokit.git",
                "reference": "cc2005b9e6d2b3eddc9fb7c107290061372c4754"
            },
            "dist": {
                "type": "zip",
                "url": "https://api.github.com/repos/jsor/Geokit/zipball/002f6b080f8237768e473e3e6eb5cf74e777ef52",
                "reference": "cc2005b9e6d2b3eddc9fb7c107290061372c4754",
                "shasum": ""
            },
            "require": {
                "kriswallsmith/buzz": ">=0.5.0",
                "php": ">=5.3.0"
            },
            "type": "library",
            "autoload": {
                "psr-0": {
                    "Geokit": "src/"
                }
            },
            "notification-url": "https://packagist.org/downloads/",
            "license": [
                "MIT"
            ],
            "authors": [
                {
                    "name": "Jan Sorgalla",
                    "email": "jsorgalla@googlemail.com",
                    "homepage": "http://sorgalla.com",
                    "role": "maintainer"
                }
            ],
            "description": "Geo-Toolkit for PHP 5.3+",
            "homepage": "https://github.com/jsor/Geokit",
            "keywords": [
                "geo",
                "geocoding",
                "geometry"
            ],
            "time": "2012-04-20 07:45:36"
        },
        {
            "name": "imagine/Imagine",
            "version": "v0.3.1",
            "source": {
                "type": "git",
                "url": "https://github.com/avalanche123/Imagine",
                "reference": "v0.3.1"
            },
            "dist": {
                "type": "zip",
                "url": "https://github.com/avalanche123/Imagine/archive/v0.3.1.zip",
                "reference": "v0.3.1",
                "shasum": ""
            },
            "require": {
                "php": ">=5.3.2"
            },
            "require-dev": {
                "sami/sami": "dev-master"
            },
            "type": "library",
            "autoload": {
                "psr-0": {
                    "Imagine": "lib/"
                }
            },
            "notification-url": "https://packagist.org/downloads/",
            "license": [
                "MIT"
            ],
            "authors": [
                {
                    "name": "Bulat Shakirzyanov",
                    "email": "mallluhuct@gmail.com",
                    "homepage": "http://avalanche123.com"
                }
            ],
            "description": "Image processing for PHP 5.3",
            "homepage": "http://imagine.readthedocs.org/",
            "keywords": [
                "drawing",
                "graphics",
                "image manipulation",
                "image processing"
            ],
            "time": "2012-11-12 21:16:43"
        },
        {
            "name": "kriswallsmith/buzz",
            "version": "v0.10",
            "source": {
                "type": "git",
                "url": "https://github.com/kriswallsmith/Buzz.git",
                "reference": "759432d66387e3433d3b06cb6f773b97225b9b17"
            },
            "dist": {
                "type": "zip",
                "url": "https://api.github.com/repos/kriswallsmith/Buzz/zipball/759432d66387e3433d3b06cb6f773b97225b9b17",
                "reference": "759432d66387e3433d3b06cb6f773b97225b9b17",
                "shasum": ""
            },
            "require": {
                "php": ">=5.3.0"
            },
            "require-dev": {
                "phpunit/phpunit": "3.7.*"
            },
            "suggest": {
                "ext-curl": "*"
            },
            "type": "library",
            "autoload": {
                "psr-0": {
                    "Buzz": "lib/"
                }
            },
            "notification-url": "https://packagist.org/downloads/",
            "license": [
                "MIT"
            ],
            "authors": [
                {
                    "name": "Kris Wallsmith",
                    "email": "kris.wallsmith@gmail.com",
                    "homepage": "http://kriswallsmith.net/"
                }
            ],
            "description": "Lightweight HTTP client",
            "homepage": "https://github.com/kriswallsmith/Buzz",
            "keywords": [
                "curl",
                "http client"
            ],
            "time": "2013-05-19 03:41:15"
        },
        {
            "name": "lootils/geo",
            "version": "0.1.1",
            "source": {
                "type": "git",
                "url": "https://github.com/lootils/geo.git",
                "reference": "e2d3237c3ac0addfc898dccccdf73e838a102e1c"
            },
            "dist": {
                "type": "zip",
                "url": "https://api.github.com/repos/lootils/geo/zipball/e2d3237c3ac0addfc898dccccdf73e838a102e1c",
                "reference": "e2d3237c3ac0addfc898dccccdf73e838a102e1c",
                "shasum": ""
            },
            "require": {
                "php": ">=5.3.0"
            },
            "type": "library",
            "autoload": {
                "psr-0": {
                    "Lootils\\Geo": "src/"
                }
            },
            "notification-url": "https://packagist.org/downloads/",
            "license": [
                "MIT"
            ],
            "authors": [
                {
                    "name": "Matt Farina",
                    "email": "matt@mattfarina.com",
                    "homepage": "http://mattfarina.com"
                }
            ],
            "description": "A simple library for dealing with Earth geo coordinate manipulations.",
            "homepage": "https://github.com/lootils/geo",
            "keywords": [
                "coordinates",
                "geo",
                "geodetic",
                "geolocation",
                "math"
            ],
            "time": "2013-06-10 12:28:05"
        }
    ],
    "packages-dev": [

    ],
    "aliases": [

    ],
    "minimum-stability": "stable",
    "stability-flags": {
        "geokit/geokit": 20
    },
    "platform": {
        "php": ">=5.3.3"
    },
    "platform-dev": [

    ]
}
